
Microsoft Visual Studio Solution File, Format Version 12.00
# Visual Studio Version 17
VisualStudioVersion = 17.7.34024.191
MinimumVisualStudioVersion = 10.0.40219.1
Project("{FAE04EC0-301F-11D3-BF4B-00C04F79EFBC}") = "Lab 7 - OOP Polymorphism", "Lab 7 - OOP Polymorphism.csproj", "{06F1E8FA-2FFE-43EF-81F7-CA069F7037E8}"
EndProject
Global
	GlobalSection(SolutionConfigurationPlatforms) = preSolution
		Debug|Any CPU = Debug|Any CPU
		Release|Any CPU = Release|Any CPU
	EndGlobalSection
	GlobalSection(ProjectConfigurationPlatforms) = postSolution
		{06F1E8FA-2FFE-43EF-81F7-CA069F7037E8}.Debug|Any CPU.ActiveCfg = Debug|Any CPU
		{06F1E8FA-2FFE-43EF-81F7-CA069F7037E8}.Debug|Any CPU.Build.0 = Debug|Any CPU
		{06F1E8FA-2FFE-43EF-81F7-CA069F7037E8}.Release|Any CPU.ActiveCfg = Release|Any CPU
		{06F1E8FA-2FFE-43EF-81F7-CA069F7037E8}.Release|Any CPU.Build.0 = Release|Any CPU
	EndGlobalSection
	GlobalSection(SolutionProperties) = preSolution
		HideSolutionNode = FALSE
	EndGlobalSection
	GlobalSection(ExtensibilityGlobals) = postSolution
		SolutionGuid = {588D1A96-D407-44EB-B512-4F4F242BB3CB}
	EndGlobalSection
EndGlobal
